
Microsoft Visual Studio Solution File, Format Version 12.00
# Visual Studio Version 17
VisualStudioVersion = 17.2.32630.192
MinimumVisualStudioVersion = 10.0.40219.1
Project("{9A19103F-16F7-4668-BE54-9A1E7A4F7556}") = "NorthwindAPI", "NorthwindAPI\NorthwindAPI.csproj", "{AA120648-8DDF-4741-BC3F-881A41802035}"
EndProject
Project("{FAE04EC0-301F-11D3-BF4B-00C04F79EFBC}") = "NorthwindAPI.Core", "NorthwindAPI.Core\NorthwindAPI.Core.csproj", "{24DA8253-4FE6-45AF-A5C2-89BE44EF508A}"
EndProject
Project("{FAE04EC0-301F-11D3-BF4B-00C04F79EFBC}") = "NorthwindAPI.DAL", "NorthwindAPI.DAL\NorthwindAPI.DAL.csproj", "{FBA6410F-C766-4DBB-8668-161BE5C3B096}"
EndProject
Project("{FAE04EC0-301F-11D3-BF4B-00C04F79EFBC}") = "NorthwindAPI.BLL", "NorthwindAPI.BLL\NorthwindAPI.BLL.csproj", "{10C5860D-2930-416E-8FBC-EC240482C407}"
EndProject
Global
	GlobalSection(SolutionConfigurationPlatforms) = preSolution
		Debug|Any CPU = Debug|Any CPU
		Release|Any CPU = Release|Any CPU
	EndGlobalSection
	GlobalSection(ProjectConfigurationPlatforms) = postSolution
		{AA120648-8DDF-4741-BC3F-881A41802035}.Debug|Any CPU.ActiveCfg = Debug|Any CPU
		{AA120648-8DDF-4741-BC3F-881A41802035}.Debug|Any CPU.Build.0 = Debug|Any CPU
		{AA120648-8DDF-4741-BC3F-881A41802035}.Release|Any CPU.ActiveCfg = Release|Any CPU
		{AA120648-8DDF-4741-BC3F-881A41802035}.Release|Any CPU.Build.0 = Release|Any CPU
		{24DA8253-4FE6-45AF-A5C2-89BE44EF508A}.Debug|Any CPU.ActiveCfg = Debug|Any CPU
		{24DA8253-4FE6-45AF-A5C2-89BE44EF508A}.Debug|Any CPU.Build.0 = Debug|Any CPU
		{24DA8253-4FE6-45AF-A5C2-89BE44EF508A}.Release|Any CPU.ActiveCfg = Release|Any CPU
		{24DA8253-4FE6-45AF-A5C2-89BE44EF508A}.Release|Any CPU.Build.0 = Release|Any CPU
		{FBA6410F-C766-4DBB-8668-161BE5C3B096}.Debug|Any CPU.ActiveCfg = Debug|Any CPU
		{FBA6410F-C766-4DBB-8668-161BE5C3B096}.Debug|Any CPU.Build.0 = Debug|Any CPU
		{FBA6410F-C766-4DBB-8668-161BE5C3B096}.Release|Any CPU.ActiveCfg = Release|Any CPU
		{FBA6410F-C766-4DBB-8668-161BE5C3B096}.Release|Any CPU.Build.0 = Release|Any CPU
		{10C5860D-2930-416E-8FBC-EC240482C407}.Debug|Any CPU.ActiveCfg = Debug|Any CPU
		{10C5860D-2930-416E-8FBC-EC240482C407}.Debug|Any CPU.Build.0 = Debug|Any CPU
		{10C5860D-2930-416E-8FBC-EC240482C407}.Release|Any CPU.ActiveCfg = Release|Any CPU
		{10C5860D-2930-416E-8FBC-EC240482C407}.Release|Any CPU.Build.0 = Release|Any CPU
	EndGlobalSection
	GlobalSection(SolutionProperties) = preSolution
		HideSolutionNode = FALSE
	EndGlobalSection
	GlobalSection(ExtensibilityGlobals) = postSolution
		SolutionGuid = {0C9BF6F5-F995-44C4-848F-A462060FF78B}
	EndGlobalSection
EndGlobal
